
Microsoft Visual Studio Solution File, Format Version 12.00
# Visual Studio Version 16
VisualStudioVersion = 16.6.30114.105
MinimumVisualStudioVersion = 10.0.40219.1
Project("{2150E333-8FDC-42A3-9474-1A3956D46DE8}") = "src", "src", "{D8A0EA87-5457-4A61-85B1-CDE70F8696D3}"
EndProject
Project("{FAE04EC0-301F-11D3-BF4B-00C04F79EFBC}") = "Models", "src\Models\Models.csproj", "{337B0DF7-40C8-4D92-819C-ED99796FF48E}"
EndProject
Project("{FAE04EC0-301F-11D3-BF4B-00C04F79EFBC}") = "Database", "src\Database\Database.csproj", "{38566947-8093-4568-AD87-DCD1F0C2D0B2}"
EndProject
Project("{FAE04EC0-301F-11D3-BF4B-00C04F79EFBC}") = "Controller", "src\Controller\Controller.csproj", "{B037115B-27C1-46DD-A290-E83CFD4FB25C}"
EndProject
Global
	GlobalSection(SolutionConfigurationPlatforms) = preSolution
		Debug|Any CPU = Debug|Any CPU
		Debug|x64 = Debug|x64
		Debug|x86 = Debug|x86
		Release|Any CPU = Release|Any CPU
		Release|x64 = Release|x64
		Release|x86 = Release|x86
	EndGlobalSection
	GlobalSection(SolutionProperties) = preSolution
		HideSolutionNode = FALSE
	EndGlobalSection
	GlobalSection(ProjectConfigurationPlatforms) = postSolution
		{337B0DF7-40C8-4D92-819C-ED99796FF48E}.Debug|Any CPU.ActiveCfg = Debug|Any CPU
		{337B0DF7-40C8-4D92-819C-ED99796FF48E}.Debug|Any CPU.Build.0 = Debug|Any CPU
		{337B0DF7-40C8-4D92-819C-ED99796FF48E}.Debug|x64.ActiveCfg = Debug|Any CPU
		{337B0DF7-40C8-4D92-819C-ED99796FF48E}.Debug|x64.Build.0 = Debug|Any CPU
		{337B0DF7-40C8-4D92-819C-ED99796FF48E}.Debug|x86.ActiveCfg = Debug|Any CPU
		{337B0DF7-40C8-4D92-819C-ED99796FF48E}.Debug|x86.Build.0 = Debug|Any CPU
		{337B0DF7-40C8-4D92-819C-ED99796FF48E}.Release|Any CPU.ActiveCfg = Release|Any CPU
		{337B0DF7-40C8-4D92-819C-ED99796FF48E}.Release|Any CPU.Build.0 = Release|Any CPU
		{337B0DF7-40C8-4D92-819C-ED99796FF48E}.Release|x64.ActiveCfg = Release|Any CPU
		{337B0DF7-40C8-4D92-819C-ED99796FF48E}.Release|x64.Build.0 = Release|Any CPU
		{337B0DF7-40C8-4D92-819C-ED99796FF48E}.Release|x86.ActiveCfg = Release|Any CPU
		{337B0DF7-40C8-4D92-819C-ED99796FF48E}.Release|x86.Build.0 = Release|Any CPU
		{38566947-8093-4568-AD87-DCD1F0C2D0B2}.Debug|Any CPU.ActiveCfg = Debug|Any CPU
		{38566947-8093-4568-AD87-DCD1F0C2D0B2}.Debug|Any CPU.Build.0 = Debug|Any CPU
		{38566947-8093-4568-AD87-DCD1F0C2D0B2}.Debug|x64.ActiveCfg = Debug|Any CPU
		{38566947-8093-4568-AD87-DCD1F0C2D0B2}.Debug|x64.Build.0 = Debug|Any CPU
		{38566947-8093-4568-AD87-DCD1F0C2D0B2}.Debug|x86.ActiveCfg = Debug|Any CPU
		{38566947-8093-4568-AD87-DCD1F0C2D0B2}.Debug|x86.Build.0 = Debug|Any CPU
		{38566947-8093-4568-AD87-DCD1F0C2D0B2}.Release|Any CPU.ActiveCfg = Release|Any CPU
		{38566947-8093-4568-AD87-DCD1F0C2D0B2}.Release|Any CPU.Build.0 = Release|Any CPU
		{38566947-8093-4568-AD87-DCD1F0C2D0B2}.Release|x64.ActiveCfg = Release|Any CPU
		{38566947-8093-4568-AD87-DCD1F0C2D0B2}.Release|x64.Build.0 = Release|Any CPU
		{38566947-8093-4568-AD87-DCD1F0C2D0B2}.Release|x86.ActiveCfg = Release|Any CPU
		{38566947-8093-4568-AD87-DCD1F0C2D0B2}.Release|x86.Build.0 = Release|Any CPU
		{B037115B-27C1-46DD-A290-E83CFD4FB25C}.Debug|Any CPU.ActiveCfg = Debug|Any CPU
		{B037115B-27C1-46DD-A290-E83CFD4FB25C}.Debug|Any CPU.Build.0 = Debug|Any CPU
		{B037115B-27C1-46DD-A290-E83CFD4FB25C}.Debug|x64.ActiveCfg = Debug|Any CPU
		{B037115B-27C1-46DD-A290-E83CFD4FB25C}.Debug|x64.Build.0 = Debug|Any CPU
		{B037115B-27C1-46DD-A290-E83CFD4FB25C}.Debug|x86.ActiveCfg = Debug|Any CPU
		{B037115B-27C1-46DD-A290-E83CFD4FB25C}.Debug|x86.Build.0 = Debug|Any CPU
		{B037115B-27C1-46DD-A290-E83CFD4FB25C}.Release|Any CPU.ActiveCfg = Release|Any CPU
		{B037115B-27C1-46DD-A290-E83CFD4FB25C}.Release|Any CPU.Build.0 = Release|Any CPU
		{B037115B-27C1-46DD-A290-E83CFD4FB25C}.Release|x64.ActiveCfg = Release|Any CPU
		{B037115B-27C1-46DD-A290-E83CFD4FB25C}.Release|x64.Build.0 = Release|Any CPU
		{B037115B-27C1-46DD-A290-E83CFD4FB25C}.Release|x86.ActiveCfg = Release|Any CPU
		{B037115B-27C1-46DD-A290-E83CFD4FB25C}.Release|x86.Build.0 = Release|Any CPU
	EndGlobalSection
	GlobalSection(NestedProjects) = preSolution
		{337B0DF7-40C8-4D92-819C-ED99796FF48E} = {D8A0EA87-5457-4A61-85B1-CDE70F8696D3}
		{38566947-8093-4568-AD87-DCD1F0C2D0B2} = {D8A0EA87-5457-4A61-85B1-CDE70F8696D3}
		{B037115B-27C1-46DD-A290-E83CFD4FB25C} = {D8A0EA87-5457-4A61-85B1-CDE70F8696D3}
	EndGlobalSection
EndGlobal
